
Microsoft Visual Studio Solution File, Format Version 12.00
# Visual Studio 15
VisualStudioVersion = 15.0.35026.233
MinimumVisualStudioVersion = 10.0.40219.1
Project("{FAE04EC0-301F-11D3-BF4B-00C04F79EFBC}") = "THSReportService", "THSReportService\THSReportService.csproj", "{13ABDF9B-AB93-42D4-8B6F-8537D4B299D9}"
EndProject
Project("{2150E333-8FDC-42A3-9474-1A3956D46DE8}") = "Solution Items", "Solution Items", "{3F0A9F10-9E26-45C9-A357-8F2588661099}"
EndProject
Project("{9A19103F-16F7-4668-BE54-9A1E7A4F7556}") = "ShuttleService", "ShuttleService\ShuttleService.csproj", "{56603DBD-284D-4FC9-8DF8-31B2CE3220D5}"
EndProject
Global
	GlobalSection(SolutionConfigurationPlatforms) = preSolution
		Debug|Any CPU = Debug|Any CPU
		Release|Any CPU = Release|Any CPU
	EndGlobalSection
	GlobalSection(ProjectConfigurationPlatforms) = postSolution
		{13ABDF9B-AB93-42D4-8B6F-8537D4B299D9}.Debug|Any CPU.ActiveCfg = Debug|Any CPU
		{13ABDF9B-AB93-42D4-8B6F-8537D4B299D9}.Debug|Any CPU.Build.0 = Debug|Any CPU
		{13ABDF9B-AB93-42D4-8B6F-8537D4B299D9}.Release|Any CPU.ActiveCfg = Release|Any CPU
		{13ABDF9B-AB93-42D4-8B6F-8537D4B299D9}.Release|Any CPU.Build.0 = Release|Any CPU
		{56603DBD-284D-4FC9-8DF8-31B2CE3220D5}.Debug|Any CPU.ActiveCfg = Debug|Any CPU
		{56603DBD-284D-4FC9-8DF8-31B2CE3220D5}.Debug|Any CPU.Build.0 = Debug|Any CPU
		{56603DBD-284D-4FC9-8DF8-31B2CE3220D5}.Release|Any CPU.ActiveCfg = Release|Any CPU
		{56603DBD-284D-4FC9-8DF8-31B2CE3220D5}.Release|Any CPU.Build.0 = Release|Any CPU
	EndGlobalSection
	GlobalSection(SolutionProperties) = preSolution
		HideSolutionNode = FALSE
	EndGlobalSection
	GlobalSection(ExtensibilityGlobals) = postSolution
		SolutionGuid = {6E696E8D-94ED-4716-A620-DE83D37DCF82}
	EndGlobalSection
EndGlobal
